
Microsoft Visual Studio Solution File, Format Version 12.00
# Visual Studio Version 16
VisualStudioVersion = 16.0.30523.141
MinimumVisualStudioVersion = 10.0.40219.1
Project("{9A19103F-16F7-4668-BE54-9A1E7A4F7556}") = "ATMTest", "ATMTest\ATMTest.csproj", "{05861474-EC84-4341-9105-E59CBB462C4F}"
EndProject
Project("{2150E333-8FDC-42A3-9474-1A3956D46DE8}") = "Solution Items", "Solution Items", "{69544A65-22C5-4E6B-8889-FF64F6E108B5}"
	ProjectSection(SolutionItems) = preProject
		.editorconfig = .editorconfig
	EndProjectSection
EndProject
Global
	GlobalSection(SolutionConfigurationPlatforms) = preSolution
		Debug|Any CPU = Debug|Any CPU
		Release|Any CPU = Release|Any CPU
	EndGlobalSection
	GlobalSection(ProjectConfigurationPlatforms) = postSolution
		{05861474-EC84-4341-9105-E59CBB462C4F}.Debug|Any CPU.ActiveCfg = Debug|Any CPU
		{05861474-EC84-4341-9105-E59CBB462C4F}.Debug|Any CPU.Build.0 = Debug|Any CPU
		{05861474-EC84-4341-9105-E59CBB462C4F}.Release|Any CPU.ActiveCfg = Release|Any CPU
		{05861474-EC84-4341-9105-E59CBB462C4F}.Release|Any CPU.Build.0 = Release|Any CPU
	EndGlobalSection
	GlobalSection(SolutionProperties) = preSolution
		HideSolutionNode = FALSE
	EndGlobalSection
	GlobalSection(ExtensibilityGlobals) = postSolution
		SolutionGuid = {344326BE-FCDA-42A6-A9AB-8F21241E0214}
	EndGlobalSection
EndGlobal
